
Microsoft Visual Studio Solution File, Format Version 12.00
# Visual Studio Version 16
VisualStudioVersion = 16.0.30804.86
MinimumVisualStudioVersion = 10.0.40219.1
Project("{9A19103F-16F7-4668-BE54-9A1E7A4F7556}") = "GameFacto.TestProject.WebAPI", "GameFacto.TestProject.WebAPI\GameFacto.TestProject.WebAPI.csproj", "{8592739E-DA6F-431B-8FA0-F24D8DDC2E80}"
EndProject
Project("{FAE04EC0-301F-11D3-BF4B-00C04F79EFBC}") = "GameFacto.TestProject.Entities", "GameFacto.TestProject.Entities\GameFacto.TestProject.Entities.csproj", "{49741FC4-145B-45A4-8428-5576E36B7F2B}"
EndProject
Project("{FAE04EC0-301F-11D3-BF4B-00C04F79EFBC}") = "GameFacto.TestProject.DataAccess", "GameFacto.TestProject.DataAccess\GameFacto.TestProject.DataAccess.csproj", "{9F293FA4-9B8F-4404-92E1-2C36A992FE90}"
EndProject
Project("{FAE04EC0-301F-11D3-BF4B-00C04F79EFBC}") = "GameFacto.TestProject.Business", "GameFacto.TestProject.Business\GameFacto.TestProject.Business.csproj", "{12D67182-0D11-45AD-89D2-D8BDCDD05E94}"
EndProject
Global
	GlobalSection(SolutionConfigurationPlatforms) = preSolution
		Debug|Any CPU = Debug|Any CPU
		Release|Any CPU = Release|Any CPU
	EndGlobalSection
	GlobalSection(ProjectConfigurationPlatforms) = postSolution
		{8592739E-DA6F-431B-8FA0-F24D8DDC2E80}.Debug|Any CPU.ActiveCfg = Debug|Any CPU
		{8592739E-DA6F-431B-8FA0-F24D8DDC2E80}.Debug|Any CPU.Build.0 = Debug|Any CPU
		{8592739E-DA6F-431B-8FA0-F24D8DDC2E80}.Release|Any CPU.ActiveCfg = Release|Any CPU
		{8592739E-DA6F-431B-8FA0-F24D8DDC2E80}.Release|Any CPU.Build.0 = Release|Any CPU
		{49741FC4-145B-45A4-8428-5576E36B7F2B}.Debug|Any CPU.ActiveCfg = Debug|Any CPU
		{49741FC4-145B-45A4-8428-5576E36B7F2B}.Debug|Any CPU.Build.0 = Debug|Any CPU
		{49741FC4-145B-45A4-8428-5576E36B7F2B}.Release|Any CPU.ActiveCfg = Release|Any CPU
		{49741FC4-145B-45A4-8428-5576E36B7F2B}.Release|Any CPU.Build.0 = Release|Any CPU
		{9F293FA4-9B8F-4404-92E1-2C36A992FE90}.Debug|Any CPU.ActiveCfg = Debug|Any CPU
		{9F293FA4-9B8F-4404-92E1-2C36A992FE90}.Debug|Any CPU.Build.0 = Debug|Any CPU
		{9F293FA4-9B8F-4404-92E1-2C36A992FE90}.Release|Any CPU.ActiveCfg = Release|Any CPU
		{9F293FA4-9B8F-4404-92E1-2C36A992FE90}.Release|Any CPU.Build.0 = Release|Any CPU
		{12D67182-0D11-45AD-89D2-D8BDCDD05E94}.Debug|Any CPU.ActiveCfg = Debug|Any CPU
		{12D67182-0D11-45AD-89D2-D8BDCDD05E94}.Debug|Any CPU.Build.0 = Debug|Any CPU
		{12D67182-0D11-45AD-89D2-D8BDCDD05E94}.Release|Any CPU.ActiveCfg = Release|Any CPU
		{12D67182-0D11-45AD-89D2-D8BDCDD05E94}.Release|Any CPU.Build.0 = Release|Any CPU
	EndGlobalSection
	GlobalSection(SolutionProperties) = preSolution
		HideSolutionNode = FALSE
	EndGlobalSection
	GlobalSection(ExtensibilityGlobals) = postSolution
		SolutionGuid = {AE009277-8362-4467-AD0D-2C63BC80AEFE}
	EndGlobalSection
EndGlobal
